
Microsoft Visual Studio Solution File, Format Version 12.00
# Visual Studio 15
Project("{FAE04EC0-301F-11D3-BF4B-00C04F79EFBC}") = "Assembly-CSharp", "Assembly-CSharp.csproj", "{BE86857B-0D28-1E68-2EFC-AA95ED30FBC8}"
EndProject
Project("{FAE04EC0-301F-11D3-BF4B-00C04F79EFBC}") = "Assembly-CSharp-Editor", "Assembly-CSharp-Editor.csproj", "{ED1B69B5-0EE4-0012-13A7-5BAA7ECA29FF}"
EndProject
Project("{FAE04EC0-301F-11D3-BF4B-00C04F79EFBC}") = "Unity.RenderPipelines.Universal.Runtime", "Unity.RenderPipelines.Universal.Runtime.csproj", "{4612D278-7075-6BBF-751A-61C748557758}"
EndProject
Global
	GlobalSection(SolutionConfigurationPlatforms) = preSolution
		Debug|Any CPU = Debug|Any CPU
		Release|Any CPU = Release|Any CPU
	EndGlobalSection
	GlobalSection(ProjectConfigurationPlatforms) = postSolution
		{BE86857B-0D28-1E68-2EFC-AA95ED30FBC8}.Debug|Any CPU.ActiveCfg = Debug|Any CPU
		{BE86857B-0D28-1E68-2EFC-AA95ED30FBC8}.Debug|Any CPU.Build.0 = Debug|Any CPU
		{BE86857B-0D28-1E68-2EFC-AA95ED30FBC8}.Release|Any CPU.ActiveCfg = Release|Any CPU
		{BE86857B-0D28-1E68-2EFC-AA95ED30FBC8}.Release|Any CPU.Build.0 = Release|Any CPU
		{ED1B69B5-0EE4-0012-13A7-5BAA7ECA29FF}.Debug|Any CPU.ActiveCfg = Debug|Any CPU
		{ED1B69B5-0EE4-0012-13A7-5BAA7ECA29FF}.Debug|Any CPU.Build.0 = Debug|Any CPU
		{ED1B69B5-0EE4-0012-13A7-5BAA7ECA29FF}.Release|Any CPU.ActiveCfg = Release|Any CPU
		{ED1B69B5-0EE4-0012-13A7-5BAA7ECA29FF}.Release|Any CPU.Build.0 = Release|Any CPU
		{4612D278-7075-6BBF-751A-61C748557758}.Debug|Any CPU.ActiveCfg = Debug|Any CPU
		{4612D278-7075-6BBF-751A-61C748557758}.Debug|Any CPU.Build.0 = Debug|Any CPU
		{4612D278-7075-6BBF-751A-61C748557758}.Release|Any CPU.ActiveCfg = Release|Any CPU
		{4612D278-7075-6BBF-751A-61C748557758}.Release|Any CPU.Build.0 = Release|Any CPU
	EndGlobalSection
	GlobalSection(SolutionProperties) = preSolution
		HideSolutionNode = FALSE
	EndGlobalSection
EndGlobal
