
Microsoft Visual Studio Solution File, Format Version 12.00
# Visual Studio 15
Project("{FAE04EC0-301F-11D3-BF4B-00C04F79EFBC}") = "Assembly-CSharp", "Assembly-CSharp.csproj", "{287494EA-F7AA-3E51-1B96-12FD3494DD44}"
EndProject
Project("{FAE04EC0-301F-11D3-BF4B-00C04F79EFBC}") = "Unity.RenderPipelines.Universal.Runtime", "Unity.RenderPipelines.Universal.Runtime.csproj", "{A65BEE1B-4F52-C3C8-AD4E-8E13C8B5E1FD}"
EndProject
Project("{FAE04EC0-301F-11D3-BF4B-00C04F79EFBC}") = "Assembly-CSharp-Editor", "Assembly-CSharp-Editor.csproj", "{DB631EAB-C2C7-D5F9-39F6-ED7EDC8F7B4D}"
EndProject
Project("{FAE04EC0-301F-11D3-BF4B-00C04F79EFBC}") = "ToonyColorsPro.Demo.Editor", "ToonyColorsPro.Demo.Editor.csproj", "{21079320-24F8-EF2F-B881-3FC8F708DB63}"
EndProject
Project("{FAE04EC0-301F-11D3-BF4B-00C04F79EFBC}") = "CFXRRuntime", "CFXRRuntime.csproj", "{47A3FE04-8948-0A46-3F10-C522DCD6FA6B}"
EndProject
Project("{FAE04EC0-301F-11D3-BF4B-00C04F79EFBC}") = "CFXREditor", "CFXREditor.csproj", "{8B645767-651D-70AD-F7D1-F9F77E78EE44}"
EndProject
Project("{FAE04EC0-301F-11D3-BF4B-00C04F79EFBC}") = "CFXRDemo", "CFXRDemo.csproj", "{64B8FCC8-D67E-6A93-736F-A1746E4A446B}"
EndProject
Project("{FAE04EC0-301F-11D3-BF4B-00C04F79EFBC}") = "CFXR.WelcomeScreen", "CFXR.WelcomeScreen.csproj", "{3CAA675D-24D8-40BC-2084-45149CF1455B}"
EndProject
Project("{FAE04EC0-301F-11D3-BF4B-00C04F79EFBC}") = "KinoBloom.Runtime", "KinoBloom.Runtime.csproj", "{6C6C852A-0454-8755-B2D4-BCCF4B9C449A}"
EndProject
Global
	GlobalSection(SolutionConfigurationPlatforms) = preSolution
		Debug|Any CPU = Debug|Any CPU
		Release|Any CPU = Release|Any CPU
	EndGlobalSection
	GlobalSection(ProjectConfigurationPlatforms) = postSolution
		{287494EA-F7AA-3E51-1B96-12FD3494DD44}.Debug|Any CPU.ActiveCfg = Debug|Any CPU
		{287494EA-F7AA-3E51-1B96-12FD3494DD44}.Debug|Any CPU.Build.0 = Debug|Any CPU
		{287494EA-F7AA-3E51-1B96-12FD3494DD44}.Release|Any CPU.ActiveCfg = Release|Any CPU
		{287494EA-F7AA-3E51-1B96-12FD3494DD44}.Release|Any CPU.Build.0 = Release|Any CPU
		{A65BEE1B-4F52-C3C8-AD4E-8E13C8B5E1FD}.Debug|Any CPU.ActiveCfg = Debug|Any CPU
		{A65BEE1B-4F52-C3C8-AD4E-8E13C8B5E1FD}.Debug|Any CPU.Build.0 = Debug|Any CPU
		{A65BEE1B-4F52-C3C8-AD4E-8E13C8B5E1FD}.Release|Any CPU.ActiveCfg = Release|Any CPU
		{A65BEE1B-4F52-C3C8-AD4E-8E13C8B5E1FD}.Release|Any CPU.Build.0 = Release|Any CPU
		{DB631EAB-C2C7-D5F9-39F6-ED7EDC8F7B4D}.Debug|Any CPU.ActiveCfg = Debug|Any CPU
		{DB631EAB-C2C7-D5F9-39F6-ED7EDC8F7B4D}.Debug|Any CPU.Build.0 = Debug|Any CPU
		{DB631EAB-C2C7-D5F9-39F6-ED7EDC8F7B4D}.Release|Any CPU.ActiveCfg = Release|Any CPU
		{DB631EAB-C2C7-D5F9-39F6-ED7EDC8F7B4D}.Release|Any CPU.Build.0 = Release|Any CPU
		{21079320-24F8-EF2F-B881-3FC8F708DB63}.Debug|Any CPU.ActiveCfg = Debug|Any CPU
		{21079320-24F8-EF2F-B881-3FC8F708DB63}.Debug|Any CPU.Build.0 = Debug|Any CPU
		{21079320-24F8-EF2F-B881-3FC8F708DB63}.Release|Any CPU.ActiveCfg = Release|Any CPU
		{21079320-24F8-EF2F-B881-3FC8F708DB63}.Release|Any CPU.Build.0 = Release|Any CPU
		{47A3FE04-8948-0A46-3F10-C522DCD6FA6B}.Debug|Any CPU.ActiveCfg = Debug|Any CPU
		{47A3FE04-8948-0A46-3F10-C522DCD6FA6B}.Debug|Any CPU.Build.0 = Debug|Any CPU
		{47A3FE04-8948-0A46-3F10-C522DCD6FA6B}.Release|Any CPU.ActiveCfg = Release|Any CPU
		{47A3FE04-8948-0A46-3F10-C522DCD6FA6B}.Release|Any CPU.Build.0 = Release|Any CPU
		{8B645767-651D-70AD-F7D1-F9F77E78EE44}.Debug|Any CPU.ActiveCfg = Debug|Any CPU
		{8B645767-651D-70AD-F7D1-F9F77E78EE44}.Debug|Any CPU.Build.0 = Debug|Any CPU
		{8B645767-651D-70AD-F7D1-F9F77E78EE44}.Release|Any CPU.ActiveCfg = Release|Any CPU
		{8B645767-651D-70AD-F7D1-F9F77E78EE44}.Release|Any CPU.Build.0 = Release|Any CPU
		{64B8FCC8-D67E-6A93-736F-A1746E4A446B}.Debug|Any CPU.ActiveCfg = Debug|Any CPU
		{64B8FCC8-D67E-6A93-736F-A1746E4A446B}.Debug|Any CPU.Build.0 = Debug|Any CPU
		{64B8FCC8-D67E-6A93-736F-A1746E4A446B}.Release|Any CPU.ActiveCfg = Release|Any CPU
		{64B8FCC8-D67E-6A93-736F-A1746E4A446B}.Release|Any CPU.Build.0 = Release|Any CPU
		{3CAA675D-24D8-40BC-2084-45149CF1455B}.Debug|Any CPU.ActiveCfg = Debug|Any CPU
		{3CAA675D-24D8-40BC-2084-45149CF1455B}.Debug|Any CPU.Build.0 = Debug|Any CPU
		{3CAA675D-24D8-40BC-2084-45149CF1455B}.Release|Any CPU.ActiveCfg = Release|Any CPU
		{3CAA675D-24D8-40BC-2084-45149CF1455B}.Release|Any CPU.Build.0 = Release|Any CPU
		{6C6C852A-0454-8755-B2D4-BCCF4B9C449A}.Debug|Any CPU.ActiveCfg = Debug|Any CPU
		{6C6C852A-0454-8755-B2D4-BCCF4B9C449A}.Debug|Any CPU.Build.0 = Debug|Any CPU
		{6C6C852A-0454-8755-B2D4-BCCF4B9C449A}.Release|Any CPU.ActiveCfg = Release|Any CPU
		{6C6C852A-0454-8755-B2D4-BCCF4B9C449A}.Release|Any CPU.Build.0 = Release|Any CPU
	EndGlobalSection
	GlobalSection(SolutionProperties) = preSolution
		HideSolutionNode = FALSE
	EndGlobalSection
EndGlobal
