
Microsoft Visual Studio Solution File, Format Version 12.00
# Visual Studio 15
Project("{FAE04EC0-301F-11D3-BF4B-00C04F79EFBC}") = "Assembly-CSharp", "Assembly-CSharp.csproj", "{473FB7DE-4A4C-44A2-09AB-E0D3416ED4DD}"
EndProject
Project("{FAE04EC0-301F-11D3-BF4B-00C04F79EFBC}") = "CFXREditor", "CFXREditor.csproj", "{AE840D7A-EC3A-FBC7-0910-BCA28A6570F4}"
EndProject
Project("{FAE04EC0-301F-11D3-BF4B-00C04F79EFBC}") = "Assembly-CSharp-Editor", "Assembly-CSharp-Editor.csproj", "{3FF64000-5005-7400-15D3-E6ADCECD638A}"
EndProject
Project("{FAE04EC0-301F-11D3-BF4B-00C04F79EFBC}") = "Unity.RenderPipelines.Universal.Runtime", "Unity.RenderPipelines.Universal.Runtime.csproj", "{23B688DD-2B2F-4243-ABE4-070C32FE2218}"
EndProject
Project("{FAE04EC0-301F-11D3-BF4B-00C04F79EFBC}") = "CFXRRuntime", "CFXRRuntime.csproj", "{59222605-5EB7-42B5-45CE-138D3D2D52FA}"
EndProject
Project("{FAE04EC0-301F-11D3-BF4B-00C04F79EFBC}") = "CFXR.WelcomeScreen", "CFXR.WelcomeScreen.csproj", "{091A98C9-FB3D-D4C5-92FE-DF316A8CF5D6}"
EndProject
Project("{FAE04EC0-301F-11D3-BF4B-00C04F79EFBC}") = "CFXRDemo", "CFXRDemo.csproj", "{4DEF8484-95A3-9CE6-7C2B-4950CBECF232}"
EndProject
Project("{FAE04EC0-301F-11D3-BF4B-00C04F79EFBC}") = "ToonyColorsPro.Demo.Editor", "ToonyColorsPro.Demo.Editor.csproj", "{FDD2A4F5-C483-507F-D91F-1284CC11FE29}"
EndProject
Project("{FAE04EC0-301F-11D3-BF4B-00C04F79EFBC}") = "KinoBloom.Runtime", "KinoBloom.Runtime.csproj", "{329DCB61-12D9-0891-5D6B-4AFE8A4BCCCB}"
EndProject
Global
	GlobalSection(SolutionConfigurationPlatforms) = preSolution
		Debug|Any CPU = Debug|Any CPU
		Release|Any CPU = Release|Any CPU
	EndGlobalSection
	GlobalSection(ProjectConfigurationPlatforms) = postSolution
		{473FB7DE-4A4C-44A2-09AB-E0D3416ED4DD}.Debug|Any CPU.ActiveCfg = Debug|Any CPU
		{473FB7DE-4A4C-44A2-09AB-E0D3416ED4DD}.Debug|Any CPU.Build.0 = Debug|Any CPU
		{473FB7DE-4A4C-44A2-09AB-E0D3416ED4DD}.Release|Any CPU.ActiveCfg = Release|Any CPU
		{473FB7DE-4A4C-44A2-09AB-E0D3416ED4DD}.Release|Any CPU.Build.0 = Release|Any CPU
		{AE840D7A-EC3A-FBC7-0910-BCA28A6570F4}.Debug|Any CPU.ActiveCfg = Debug|Any CPU
		{AE840D7A-EC3A-FBC7-0910-BCA28A6570F4}.Debug|Any CPU.Build.0 = Debug|Any CPU
		{AE840D7A-EC3A-FBC7-0910-BCA28A6570F4}.Release|Any CPU.ActiveCfg = Release|Any CPU
		{AE840D7A-EC3A-FBC7-0910-BCA28A6570F4}.Release|Any CPU.Build.0 = Release|Any CPU
		{3FF64000-5005-7400-15D3-E6ADCECD638A}.Debug|Any CPU.ActiveCfg = Debug|Any CPU
		{3FF64000-5005-7400-15D3-E6ADCECD638A}.Debug|Any CPU.Build.0 = Debug|Any CPU
		{3FF64000-5005-7400-15D3-E6ADCECD638A}.Release|Any CPU.ActiveCfg = Release|Any CPU
		{3FF64000-5005-7400-15D3-E6ADCECD638A}.Release|Any CPU.Build.0 = Release|Any CPU
		{23B688DD-2B2F-4243-ABE4-070C32FE2218}.Debug|Any CPU.ActiveCfg = Debug|Any CPU
		{23B688DD-2B2F-4243-ABE4-070C32FE2218}.Debug|Any CPU.Build.0 = Debug|Any CPU
		{23B688DD-2B2F-4243-ABE4-070C32FE2218}.Release|Any CPU.ActiveCfg = Release|Any CPU
		{23B688DD-2B2F-4243-ABE4-070C32FE2218}.Release|Any CPU.Build.0 = Release|Any CPU
		{59222605-5EB7-42B5-45CE-138D3D2D52FA}.Debug|Any CPU.ActiveCfg = Debug|Any CPU
		{59222605-5EB7-42B5-45CE-138D3D2D52FA}.Debug|Any CPU.Build.0 = Debug|Any CPU
		{59222605-5EB7-42B5-45CE-138D3D2D52FA}.Release|Any CPU.ActiveCfg = Release|Any CPU
		{59222605-5EB7-42B5-45CE-138D3D2D52FA}.Release|Any CPU.Build.0 = Release|Any CPU
		{091A98C9-FB3D-D4C5-92FE-DF316A8CF5D6}.Debug|Any CPU.ActiveCfg = Debug|Any CPU
		{091A98C9-FB3D-D4C5-92FE-DF316A8CF5D6}.Debug|Any CPU.Build.0 = Debug|Any CPU
		{091A98C9-FB3D-D4C5-92FE-DF316A8CF5D6}.Release|Any CPU.ActiveCfg = Release|Any CPU
		{091A98C9-FB3D-D4C5-92FE-DF316A8CF5D6}.Release|Any CPU.Build.0 = Release|Any CPU
		{4DEF8484-95A3-9CE6-7C2B-4950CBECF232}.Debug|Any CPU.ActiveCfg = Debug|Any CPU
		{4DEF8484-95A3-9CE6-7C2B-4950CBECF232}.Debug|Any CPU.Build.0 = Debug|Any CPU
		{4DEF8484-95A3-9CE6-7C2B-4950CBECF232}.Release|Any CPU.ActiveCfg = Release|Any CPU
		{4DEF8484-95A3-9CE6-7C2B-4950CBECF232}.Release|Any CPU.Build.0 = Release|Any CPU
		{FDD2A4F5-C483-507F-D91F-1284CC11FE29}.Debug|Any CPU.ActiveCfg = Debug|Any CPU
		{FDD2A4F5-C483-507F-D91F-1284CC11FE29}.Debug|Any CPU.Build.0 = Debug|Any CPU
		{FDD2A4F5-C483-507F-D91F-1284CC11FE29}.Release|Any CPU.ActiveCfg = Release|Any CPU
		{FDD2A4F5-C483-507F-D91F-1284CC11FE29}.Release|Any CPU.Build.0 = Release|Any CPU
		{329DCB61-12D9-0891-5D6B-4AFE8A4BCCCB}.Debug|Any CPU.ActiveCfg = Debug|Any CPU
		{329DCB61-12D9-0891-5D6B-4AFE8A4BCCCB}.Debug|Any CPU.Build.0 = Debug|Any CPU
		{329DCB61-12D9-0891-5D6B-4AFE8A4BCCCB}.Release|Any CPU.ActiveCfg = Release|Any CPU
		{329DCB61-12D9-0891-5D6B-4AFE8A4BCCCB}.Release|Any CPU.Build.0 = Release|Any CPU
	EndGlobalSection
	GlobalSection(SolutionProperties) = preSolution
		HideSolutionNode = FALSE
	EndGlobalSection
EndGlobal
