
Microsoft Visual Studio Solution File, Format Version 12.00
# Visual Studio 15
Project("{FAE04EC0-301F-11D3-BF4B-00C04F79EFBC}") = "Assembly-CSharp", "Assembly-CSharp.csproj", "{6E1EC9EE-E00F-D297-1B70-7F8CCDAF631F}"
EndProject
Project("{FAE04EC0-301F-11D3-BF4B-00C04F79EFBC}") = "CFXREditor", "CFXREditor.csproj", "{B6595402-A8C5-5C8D-510C-077EC9DBAE1A}"
EndProject
Project("{FAE04EC0-301F-11D3-BF4B-00C04F79EFBC}") = "Assembly-CSharp-Editor", "Assembly-CSharp-Editor.csproj", "{954EF589-B287-DBD4-5742-83D7CE918958}"
EndProject
Project("{FAE04EC0-301F-11D3-BF4B-00C04F79EFBC}") = "Unity.RenderPipelines.Universal.Runtime", "Unity.RenderPipelines.Universal.Runtime.csproj", "{F977F239-60BE-9DAE-4418-5CABC339A491}"
EndProject
Project("{FAE04EC0-301F-11D3-BF4B-00C04F79EFBC}") = "CFXRRuntime", "CFXRRuntime.csproj", "{FC60A657-9E41-FB5D-A31B-5FC8427B7196}"
EndProject
Project("{FAE04EC0-301F-11D3-BF4B-00C04F79EFBC}") = "CFXR.WelcomeScreen", "CFXR.WelcomeScreen.csproj", "{0BA95921-966D-8ADF-EE90-DA4F70D3DEA3}"
EndProject
Project("{FAE04EC0-301F-11D3-BF4B-00C04F79EFBC}") = "CFXRDemo", "CFXRDemo.csproj", "{109FEBCD-62CC-C16D-C8C4-AE6A0D899C76}"
EndProject
Project("{FAE04EC0-301F-11D3-BF4B-00C04F79EFBC}") = "ToonyColorsPro.Demo.Editor", "ToonyColorsPro.Demo.Editor.csproj", "{DF8E6734-B5CB-B132-BEBD-53D874BD02FF}"
EndProject
Project("{FAE04EC0-301F-11D3-BF4B-00C04F79EFBC}") = "KinoBloom.Runtime", "KinoBloom.Runtime.csproj", "{7291CA40-9426-7768-BCDB-784918517DFE}"
EndProject
Global
	GlobalSection(SolutionConfigurationPlatforms) = preSolution
		Debug|Any CPU = Debug|Any CPU
		Release|Any CPU = Release|Any CPU
	EndGlobalSection
	GlobalSection(ProjectConfigurationPlatforms) = postSolution
		{6E1EC9EE-E00F-D297-1B70-7F8CCDAF631F}.Debug|Any CPU.ActiveCfg = Debug|Any CPU
		{6E1EC9EE-E00F-D297-1B70-7F8CCDAF631F}.Debug|Any CPU.Build.0 = Debug|Any CPU
		{6E1EC9EE-E00F-D297-1B70-7F8CCDAF631F}.Release|Any CPU.ActiveCfg = Release|Any CPU
		{6E1EC9EE-E00F-D297-1B70-7F8CCDAF631F}.Release|Any CPU.Build.0 = Release|Any CPU
		{B6595402-A8C5-5C8D-510C-077EC9DBAE1A}.Debug|Any CPU.ActiveCfg = Debug|Any CPU
		{B6595402-A8C5-5C8D-510C-077EC9DBAE1A}.Debug|Any CPU.Build.0 = Debug|Any CPU
		{B6595402-A8C5-5C8D-510C-077EC9DBAE1A}.Release|Any CPU.ActiveCfg = Release|Any CPU
		{B6595402-A8C5-5C8D-510C-077EC9DBAE1A}.Release|Any CPU.Build.0 = Release|Any CPU
		{954EF589-B287-DBD4-5742-83D7CE918958}.Debug|Any CPU.ActiveCfg = Debug|Any CPU
		{954EF589-B287-DBD4-5742-83D7CE918958}.Debug|Any CPU.Build.0 = Debug|Any CPU
		{954EF589-B287-DBD4-5742-83D7CE918958}.Release|Any CPU.ActiveCfg = Release|Any CPU
		{954EF589-B287-DBD4-5742-83D7CE918958}.Release|Any CPU.Build.0 = Release|Any CPU
		{F977F239-60BE-9DAE-4418-5CABC339A491}.Debug|Any CPU.ActiveCfg = Debug|Any CPU
		{F977F239-60BE-9DAE-4418-5CABC339A491}.Debug|Any CPU.Build.0 = Debug|Any CPU
		{F977F239-60BE-9DAE-4418-5CABC339A491}.Release|Any CPU.ActiveCfg = Release|Any CPU
		{F977F239-60BE-9DAE-4418-5CABC339A491}.Release|Any CPU.Build.0 = Release|Any CPU
		{FC60A657-9E41-FB5D-A31B-5FC8427B7196}.Debug|Any CPU.ActiveCfg = Debug|Any CPU
		{FC60A657-9E41-FB5D-A31B-5FC8427B7196}.Debug|Any CPU.Build.0 = Debug|Any CPU
		{FC60A657-9E41-FB5D-A31B-5FC8427B7196}.Release|Any CPU.ActiveCfg = Release|Any CPU
		{FC60A657-9E41-FB5D-A31B-5FC8427B7196}.Release|Any CPU.Build.0 = Release|Any CPU
		{0BA95921-966D-8ADF-EE90-DA4F70D3DEA3}.Debug|Any CPU.ActiveCfg = Debug|Any CPU
		{0BA95921-966D-8ADF-EE90-DA4F70D3DEA3}.Debug|Any CPU.Build.0 = Debug|Any CPU
		{0BA95921-966D-8ADF-EE90-DA4F70D3DEA3}.Release|Any CPU.ActiveCfg = Release|Any CPU
		{0BA95921-966D-8ADF-EE90-DA4F70D3DEA3}.Release|Any CPU.Build.0 = Release|Any CPU
		{109FEBCD-62CC-C16D-C8C4-AE6A0D899C76}.Debug|Any CPU.ActiveCfg = Debug|Any CPU
		{109FEBCD-62CC-C16D-C8C4-AE6A0D899C76}.Debug|Any CPU.Build.0 = Debug|Any CPU
		{109FEBCD-62CC-C16D-C8C4-AE6A0D899C76}.Release|Any CPU.ActiveCfg = Release|Any CPU
		{109FEBCD-62CC-C16D-C8C4-AE6A0D899C76}.Release|Any CPU.Build.0 = Release|Any CPU
		{DF8E6734-B5CB-B132-BEBD-53D874BD02FF}.Debug|Any CPU.ActiveCfg = Debug|Any CPU
		{DF8E6734-B5CB-B132-BEBD-53D874BD02FF}.Debug|Any CPU.Build.0 = Debug|Any CPU
		{DF8E6734-B5CB-B132-BEBD-53D874BD02FF}.Release|Any CPU.ActiveCfg = Release|Any CPU
		{DF8E6734-B5CB-B132-BEBD-53D874BD02FF}.Release|Any CPU.Build.0 = Release|Any CPU
		{7291CA40-9426-7768-BCDB-784918517DFE}.Debug|Any CPU.ActiveCfg = Debug|Any CPU
		{7291CA40-9426-7768-BCDB-784918517DFE}.Debug|Any CPU.Build.0 = Debug|Any CPU
		{7291CA40-9426-7768-BCDB-784918517DFE}.Release|Any CPU.ActiveCfg = Release|Any CPU
		{7291CA40-9426-7768-BCDB-784918517DFE}.Release|Any CPU.Build.0 = Release|Any CPU
	EndGlobalSection
	GlobalSection(SolutionProperties) = preSolution
		HideSolutionNode = FALSE
	EndGlobalSection
EndGlobal
