
Microsoft Visual Studio Solution File, Format Version 12.00
# Visual Studio 15
Project("{FAE04EC0-301F-11D3-BF4B-00C04F79EFBC}") = "Assembly-CSharp", "Assembly-CSharp.csproj", "{AD618DAC-5954-D36F-F3B3-60054551821E}"
EndProject
Project("{FAE04EC0-301F-11D3-BF4B-00C04F79EFBC}") = "CFXREditor", "CFXREditor.csproj", "{7ECC2C22-14B5-C2C7-2D1D-0A1341B7AAA0}"
EndProject
Project("{FAE04EC0-301F-11D3-BF4B-00C04F79EFBC}") = "Unity.RenderPipelines.Universal.Runtime", "Unity.RenderPipelines.Universal.Runtime.csproj", "{440C0922-75DC-E5BC-82C8-3DF86D082169}"
EndProject
Project("{FAE04EC0-301F-11D3-BF4B-00C04F79EFBC}") = "Assembly-CSharp-Editor", "Assembly-CSharp-Editor.csproj", "{DEEBA728-9FA0-6B66-AC3D-05C643E0B635}"
EndProject
Project("{FAE04EC0-301F-11D3-BF4B-00C04F79EFBC}") = "CFXRRuntime", "CFXRRuntime.csproj", "{E42A9CA5-F8CF-0789-0102-7CF602D87003}"
EndProject
Project("{FAE04EC0-301F-11D3-BF4B-00C04F79EFBC}") = "CFXRDemo", "CFXRDemo.csproj", "{8ACA3052-94B5-C184-FC39-97EE6FF59752}"
EndProject
Project("{FAE04EC0-301F-11D3-BF4B-00C04F79EFBC}") = "KinoBloom.Runtime", "KinoBloom.Runtime.csproj", "{DC35C7C7-93A9-BF7C-EDAE-42D3F71C8E38}"
EndProject
Project("{FAE04EC0-301F-11D3-BF4B-00C04F79EFBC}") = "ToonyColorsPro.Demo.Editor", "ToonyColorsPro.Demo.Editor.csproj", "{21A7E2C8-9615-A4F2-54E3-52238E605275}"
EndProject
Project("{FAE04EC0-301F-11D3-BF4B-00C04F79EFBC}") = "CFXR.WelcomeScreen", "CFXR.WelcomeScreen.csproj", "{69589C03-54A0-0339-B770-DA47C18AB37E}"
EndProject
Global
	GlobalSection(SolutionConfigurationPlatforms) = preSolution
		Debug|Any CPU = Debug|Any CPU
		Release|Any CPU = Release|Any CPU
	EndGlobalSection
	GlobalSection(ProjectConfigurationPlatforms) = postSolution
		{AD618DAC-5954-D36F-F3B3-60054551821E}.Debug|Any CPU.ActiveCfg = Debug|Any CPU
		{AD618DAC-5954-D36F-F3B3-60054551821E}.Debug|Any CPU.Build.0 = Debug|Any CPU
		{AD618DAC-5954-D36F-F3B3-60054551821E}.Release|Any CPU.ActiveCfg = Release|Any CPU
		{AD618DAC-5954-D36F-F3B3-60054551821E}.Release|Any CPU.Build.0 = Release|Any CPU
		{7ECC2C22-14B5-C2C7-2D1D-0A1341B7AAA0}.Debug|Any CPU.ActiveCfg = Debug|Any CPU
		{7ECC2C22-14B5-C2C7-2D1D-0A1341B7AAA0}.Debug|Any CPU.Build.0 = Debug|Any CPU
		{7ECC2C22-14B5-C2C7-2D1D-0A1341B7AAA0}.Release|Any CPU.ActiveCfg = Release|Any CPU
		{7ECC2C22-14B5-C2C7-2D1D-0A1341B7AAA0}.Release|Any CPU.Build.0 = Release|Any CPU
		{440C0922-75DC-E5BC-82C8-3DF86D082169}.Debug|Any CPU.ActiveCfg = Debug|Any CPU
		{440C0922-75DC-E5BC-82C8-3DF86D082169}.Debug|Any CPU.Build.0 = Debug|Any CPU
		{440C0922-75DC-E5BC-82C8-3DF86D082169}.Release|Any CPU.ActiveCfg = Release|Any CPU
		{440C0922-75DC-E5BC-82C8-3DF86D082169}.Release|Any CPU.Build.0 = Release|Any CPU
		{DEEBA728-9FA0-6B66-AC3D-05C643E0B635}.Debug|Any CPU.ActiveCfg = Debug|Any CPU
		{DEEBA728-9FA0-6B66-AC3D-05C643E0B635}.Debug|Any CPU.Build.0 = Debug|Any CPU
		{DEEBA728-9FA0-6B66-AC3D-05C643E0B635}.Release|Any CPU.ActiveCfg = Release|Any CPU
		{DEEBA728-9FA0-6B66-AC3D-05C643E0B635}.Release|Any CPU.Build.0 = Release|Any CPU
		{E42A9CA5-F8CF-0789-0102-7CF602D87003}.Debug|Any CPU.ActiveCfg = Debug|Any CPU
		{E42A9CA5-F8CF-0789-0102-7CF602D87003}.Debug|Any CPU.Build.0 = Debug|Any CPU
		{E42A9CA5-F8CF-0789-0102-7CF602D87003}.Release|Any CPU.ActiveCfg = Release|Any CPU
		{E42A9CA5-F8CF-0789-0102-7CF602D87003}.Release|Any CPU.Build.0 = Release|Any CPU
		{8ACA3052-94B5-C184-FC39-97EE6FF59752}.Debug|Any CPU.ActiveCfg = Debug|Any CPU
		{8ACA3052-94B5-C184-FC39-97EE6FF59752}.Debug|Any CPU.Build.0 = Debug|Any CPU
		{8ACA3052-94B5-C184-FC39-97EE6FF59752}.Release|Any CPU.ActiveCfg = Release|Any CPU
		{8ACA3052-94B5-C184-FC39-97EE6FF59752}.Release|Any CPU.Build.0 = Release|Any CPU
		{DC35C7C7-93A9-BF7C-EDAE-42D3F71C8E38}.Debug|Any CPU.ActiveCfg = Debug|Any CPU
		{DC35C7C7-93A9-BF7C-EDAE-42D3F71C8E38}.Debug|Any CPU.Build.0 = Debug|Any CPU
		{DC35C7C7-93A9-BF7C-EDAE-42D3F71C8E38}.Release|Any CPU.ActiveCfg = Release|Any CPU
		{DC35C7C7-93A9-BF7C-EDAE-42D3F71C8E38}.Release|Any CPU.Build.0 = Release|Any CPU
		{21A7E2C8-9615-A4F2-54E3-52238E605275}.Debug|Any CPU.ActiveCfg = Debug|Any CPU
		{21A7E2C8-9615-A4F2-54E3-52238E605275}.Debug|Any CPU.Build.0 = Debug|Any CPU
		{21A7E2C8-9615-A4F2-54E3-52238E605275}.Release|Any CPU.ActiveCfg = Release|Any CPU
		{21A7E2C8-9615-A4F2-54E3-52238E605275}.Release|Any CPU.Build.0 = Release|Any CPU
		{69589C03-54A0-0339-B770-DA47C18AB37E}.Debug|Any CPU.ActiveCfg = Debug|Any CPU
		{69589C03-54A0-0339-B770-DA47C18AB37E}.Debug|Any CPU.Build.0 = Debug|Any CPU
		{69589C03-54A0-0339-B770-DA47C18AB37E}.Release|Any CPU.ActiveCfg = Release|Any CPU
		{69589C03-54A0-0339-B770-DA47C18AB37E}.Release|Any CPU.Build.0 = Release|Any CPU
	EndGlobalSection
	GlobalSection(SolutionProperties) = preSolution
		HideSolutionNode = FALSE
	EndGlobalSection
EndGlobal
